{
  "version": 4,
  "terraform_version": "1.4.6",
  "serial": 1882,
  "lineage": "707bcfd0-8528-15ba-62b0-51da4070b168",
  "outputs": {},
  "resources": [
    {
      "module": "module.ecr.module.ecr_be_public",
      "mode": "data",
      "type": "aws_caller_identity",
      "name": "current",
      "provider": "provider[\"registry.terraform.io/hashicorp/aws\"]",
      "instances": [
        {
          "schema_version": 0,
          "attributes": {
            "account_id": "201118949681",
            "arn": "arn:aws:iam::201118949681:user/admin",
            "id": "201118949681",
            "user_id": "AIDAS5U47UEYSOSGXYP6I"
          },
          "sensitive_attributes": []
        }
      ]
    },
    {
      "module": "module.ecr.module.ecr_be_public",
      "mode": "data",
      "type": "aws_iam_policy_document",
      "name": "repository",
      "provider": "provider[\"registry.terraform.io/hashicorp/aws\"]",
      "instances": [
        {
          "index_key": 0,
          "schema_version": 0,
          "attributes": {
            "id": "3420859094",
            "json": "{\n  \"Version\": \"2012-10-17\",\n  \"Statement\": [\n    {\n      \"Sid\": \"PublicReadOnly\",\n      \"Effect\": \"Allow\",\n      \"Action\": [\n        \"ecr-public:GetDownloadUrlForLayer\",\n        \"ecr-public:BatchGetImage\"\n      ],\n      \"Principal\": {\n        \"AWS\": \"*\"\n      }\n    },\n    {\n      \"Sid\": \"ReadWrite\",\n      \"Effect\": \"Allow\",\n      \"Action\": [\n        \"ecr-public:UploadLayerPart\",\n        \"ecr-public:PutImage\",\n        \"ecr-public:InitiateLayerUpload\",\n        \"ecr-public:CompleteLayerUpload\",\n        \"ecr-public:BatchCheckLayerAvailability\"\n      ],\n      \"Principal\": {\n        \"AWS\": \"arn:aws:iam::201118949681:user/admin\"\n      }\n    }\n  ]\n}",
            "override_json": null,
            "override_policy_documents": null,
            "policy_id": null,
            "source_json": null,
            "source_policy_documents": null,
            "statement": [
              {
                "actions": [
                  "ecr-public:BatchGetImage",
                  "ecr-public:GetDownloadUrlForLayer"
                ],
                "condition": [],
                "effect": "Allow",
                "not_actions": [],
                "not_principals": [],
                "not_resources": [],
                "principals": [
                  {
                    "identifiers": [
                      "*"
                    ],
                    "type": "AWS"
                  }
                ],
                "resources": [],
                "sid": "PublicReadOnly"
              },
              {
                "actions": [
                  "ecr-public:BatchCheckLayerAvailability",
                  "ecr-public:CompleteLayerUpload",
                  "ecr-public:InitiateLayerUpload",
                  "ecr-public:PutImage",
                  "ecr-public:UploadLayerPart"
                ],
                "condition": [],
                "effect": "Allow",
                "not_actions": [],
                "not_principals": [],
                "not_resources": [],
                "principals": [
                  {
                    "identifiers": [
                      "arn:aws:iam::201118949681:user/admin"
                    ],
                    "type": "AWS"
                  }
                ],
                "resources": [],
                "sid": "ReadWrite"
              }
            ],
            "version": "2012-10-17"
          },
          "sensitive_attributes": []
        }
      ]
    },
    {
      "module": "module.ecr.module.ecr_be_public",
      "mode": "data",
      "type": "aws_partition",
      "name": "current",
      "provider": "provider[\"registry.terraform.io/hashicorp/aws\"]",
      "instances": [
        {
          "schema_version": 0,
          "attributes": {
            "dns_suffix": "amazonaws.com",
            "id": "aws",
            "partition": "aws",
            "reverse_dns_prefix": "com.amazonaws"
          },
          "sensitive_attributes": []
        }
      ]
    },
    {
      "module": "module.ecr.module.ecr_be_public",
      "mode": "managed",
      "type": "aws_ecrpublic_repository",
      "name": "this",
      "provider": "provider[\"registry.terraform.io/hashicorp/aws\"]",
      "instances": [
        {
          "index_key": 0,
          "schema_version": 0,
          "attributes": {
            "arn": "arn:aws:ecr-public::201118949681:repository/cloud-computing/be",
            "catalog_data": [
              {
                "about_text": "",
                "architectures": [
                  "x86"
                ],
                "description": "Docker container for cloud computing fe",
                "logo_image_blob": "",
                "operating_systems": [
                  "Linux"
                ],
                "usage_text": ""
              }
            ],
            "force_destroy": false,
            "id": "cloud-computing/be",
            "registry_id": "201118949681",
            "repository_name": "cloud-computing/be",
            "repository_uri": "public.ecr.aws/y4r3b5d9/cloud-computing/be",
            "tags": null,
            "tags_all": {},
            "timeouts": null
          },
          "sensitive_attributes": [],
          "private": "eyJlMmJmYjczMC1lY2FhLTExZTYtOGY4OC0zNDM2M2JjN2M0YzAiOnsiZGVsZXRlIjoxMjAwMDAwMDAwMDAwfX0="
        }
      ]
    },
    {
      "module": "module.ecr.module.ecr_be_public",
      "mode": "managed",
      "type": "aws_ecrpublic_repository_policy",
      "name": "example",
      "provider": "provider[\"registry.terraform.io/hashicorp/aws\"]",
      "instances": [
        {
          "index_key": 0,
          "schema_version": 0,
          "attributes": {
            "id": "cloud-computing/be",
            "policy": "{\"Statement\":[{\"Action\":[\"ecr-public:GetDownloadUrlForLayer\",\"ecr-public:BatchGetImage\"],\"Effect\":\"Allow\",\"Principal\":{\"AWS\":\"*\"},\"Sid\":\"PublicReadOnly\"},{\"Action\":[\"ecr-public:UploadLayerPart\",\"ecr-public:PutImage\",\"ecr-public:InitiateLayerUpload\",\"ecr-public:CompleteLayerUpload\",\"ecr-public:BatchCheckLayerAvailability\"],\"Effect\":\"Allow\",\"Principal\":{\"AWS\":\"arn:aws:iam::201118949681:user/admin\"},\"Sid\":\"ReadWrite\"}],\"Version\":\"2012-10-17\"}",
            "registry_id": "201118949681",
            "repository_name": "cloud-computing/be"
          },
          "sensitive_attributes": [],
          "private": "bnVsbA==",
          "dependencies": [
            "module.ecr.module.ecr_be_public.aws_ecrpublic_repository.this",
            "module.ecr.module.ecr_be_public.data.aws_iam_policy_document.repository"
          ]
        }
      ]
    },
    {
      "module": "module.ecr.module.ecr_fe_public",
      "mode": "data",
      "type": "aws_caller_identity",
      "name": "current",
      "provider": "provider[\"registry.terraform.io/hashicorp/aws\"]",
      "instances": [
        {
          "schema_version": 0,
          "attributes": {
            "account_id": "201118949681",
            "arn": "arn:aws:iam::201118949681:user/admin",
            "id": "201118949681",
            "user_id": "AIDAS5U47UEYSOSGXYP6I"
          },
          "sensitive_attributes": []
        }
      ]
    },
    {
      "module": "module.ecr.module.ecr_fe_public",
      "mode": "data",
      "type": "aws_iam_policy_document",
      "name": "repository",
      "provider": "provider[\"registry.terraform.io/hashicorp/aws\"]",
      "instances": [
        {
          "index_key": 0,
          "schema_version": 0,
          "attributes": {
            "id": "3420859094",
            "json": "{\n  \"Version\": \"2012-10-17\",\n  \"Statement\": [\n    {\n      \"Sid\": \"PublicReadOnly\",\n      \"Effect\": \"Allow\",\n      \"Action\": [\n        \"ecr-public:GetDownloadUrlForLayer\",\n        \"ecr-public:BatchGetImage\"\n      ],\n      \"Principal\": {\n        \"AWS\": \"*\"\n      }\n    },\n    {\n      \"Sid\": \"ReadWrite\",\n      \"Effect\": \"Allow\",\n      \"Action\": [\n        \"ecr-public:UploadLayerPart\",\n        \"ecr-public:PutImage\",\n        \"ecr-public:InitiateLayerUpload\",\n        \"ecr-public:CompleteLayerUpload\",\n        \"ecr-public:BatchCheckLayerAvailability\"\n      ],\n      \"Principal\": {\n        \"AWS\": \"arn:aws:iam::201118949681:user/admin\"\n      }\n    }\n  ]\n}",
            "override_json": null,
            "override_policy_documents": null,
            "policy_id": null,
            "source_json": null,
            "source_policy_documents": null,
            "statement": [
              {
                "actions": [
                  "ecr-public:BatchGetImage",
                  "ecr-public:GetDownloadUrlForLayer"
                ],
                "condition": [],
                "effect": "Allow",
                "not_actions": [],
                "not_principals": [],
                "not_resources": [],
                "principals": [
                  {
                    "identifiers": [
                      "*"
                    ],
                    "type": "AWS"
                  }
                ],
                "resources": [],
                "sid": "PublicReadOnly"
              },
              {
                "actions": [
                  "ecr-public:BatchCheckLayerAvailability",
                  "ecr-public:CompleteLayerUpload",
                  "ecr-public:InitiateLayerUpload",
                  "ecr-public:PutImage",
                  "ecr-public:UploadLayerPart"
                ],
                "condition": [],
                "effect": "Allow",
                "not_actions": [],
                "not_principals": [],
                "not_resources": [],
                "principals": [
                  {
                    "identifiers": [
                      "arn:aws:iam::201118949681:user/admin"
                    ],
                    "type": "AWS"
                  }
                ],
                "resources": [],
                "sid": "ReadWrite"
              }
            ],
            "version": "2012-10-17"
          },
          "sensitive_attributes": []
        }
      ]
    },
    {
      "module": "module.ecr.module.ecr_fe_public",
      "mode": "data",
      "type": "aws_partition",
      "name": "current",
      "provider": "provider[\"registry.terraform.io/hashicorp/aws\"]",
      "instances": [
        {
          "schema_version": 0,
          "attributes": {
            "dns_suffix": "amazonaws.com",
            "id": "aws",
            "partition": "aws",
            "reverse_dns_prefix": "com.amazonaws"
          },
          "sensitive_attributes": []
        }
      ]
    },
    {
      "module": "module.ecr.module.ecr_fe_public",
      "mode": "managed",
      "type": "aws_ecrpublic_repository",
      "name": "this",
      "provider": "provider[\"registry.terraform.io/hashicorp/aws\"]",
      "instances": [
        {
          "index_key": 0,
          "schema_version": 0,
          "attributes": {
            "arn": "arn:aws:ecr-public::201118949681:repository/cloud-computing/fe",
            "catalog_data": [
              {
                "about_text": "",
                "architectures": [
                  "x86"
                ],
                "description": "Docker container for some cloud computing fe",
                "logo_image_blob": "",
                "operating_systems": [
                  "Linux"
                ],
                "usage_text": ""
              }
            ],
            "force_destroy": false,
            "id": "cloud-computing/fe",
            "registry_id": "201118949681",
            "repository_name": "cloud-computing/fe",
            "repository_uri": "public.ecr.aws/y4r3b5d9/cloud-computing/fe",
            "tags": null,
            "tags_all": {},
            "timeouts": null
          },
          "sensitive_attributes": [],
          "private": "eyJlMmJmYjczMC1lY2FhLTExZTYtOGY4OC0zNDM2M2JjN2M0YzAiOnsiZGVsZXRlIjoxMjAwMDAwMDAwMDAwfX0="
        }
      ]
    },
    {
      "module": "module.ecr.module.ecr_fe_public",
      "mode": "managed",
      "type": "aws_ecrpublic_repository_policy",
      "name": "example",
      "provider": "provider[\"registry.terraform.io/hashicorp/aws\"]",
      "instances": [
        {
          "index_key": 0,
          "schema_version": 0,
          "attributes": {
            "id": "cloud-computing/fe",
            "policy": "{\"Statement\":[{\"Action\":[\"ecr-public:GetDownloadUrlForLayer\",\"ecr-public:BatchGetImage\"],\"Effect\":\"Allow\",\"Principal\":{\"AWS\":\"*\"},\"Sid\":\"PublicReadOnly\"},{\"Action\":[\"ecr-public:UploadLayerPart\",\"ecr-public:PutImage\",\"ecr-public:InitiateLayerUpload\",\"ecr-public:CompleteLayerUpload\",\"ecr-public:BatchCheckLayerAvailability\"],\"Effect\":\"Allow\",\"Principal\":{\"AWS\":\"arn:aws:iam::201118949681:user/admin\"},\"Sid\":\"ReadWrite\"}],\"Version\":\"2012-10-17\"}",
            "registry_id": "201118949681",
            "repository_name": "cloud-computing/fe"
          },
          "sensitive_attributes": [],
          "private": "bnVsbA==",
          "dependencies": [
            "module.ecr.module.ecr_fe_public.aws_ecrpublic_repository.this",
            "module.ecr.module.ecr_fe_public.data.aws_iam_policy_document.repository"
          ]
        }
      ]
    }
  ],
  "check_results": null
}
