{
  "version": 4,
  "terraform_version": "1.4.6",
  "serial": 249,
  "lineage": "68192fc1-ad8d-5d1b-7cdd-9d267b74e92e",
  "outputs": {
    "ingress-loadbalancer-ip": {
      "value": "34.65.245.109",
      "type": "string"
    },
    "kubernetes-nat-public-ip": {
      "value": "34.65.182.106",
      "type": "string"
    },
    "kubernetes-public-endpoint": {
      "value": "https://34.65.43.173",
      "type": "string"
    },
    "kubernetes-service-account-email": {
      "value": "kubernetes-admin@elliptical-feat-385302.iam.gserviceaccount.com",
      "type": "string"
    }
  },
  "resources": [
    {
      "mode": "data",
      "type": "google_client_config",
      "name": "current",
      "provider": "provider[\"registry.terraform.io/hashicorp/google\"]",
      "instances": [
        {
          "schema_version": 0,
          "attributes": {
            "access_token": "ya29.a0AWY7Cknuafh2MbjoSVq2NtyBsqCLdy9Vg5vymVAtqD2x5gFeV2zfMjlwXXlz2X4abS-t9yvPMnw-B6yxY7BlLI-NdRiMuzna6Be-OyzvNMhldS--jhNP3ydksegy5DpLQ_ury8E0b9O19XfI6gzZYDF2QolX5SULaCgYKAUoSARASFQG1tDrpy-wy2eJJMvNB8kwsThRbKA0167",
            "id": "projects/\"elliptical-feat-385302\"/regions/\"europe-west6\"/zones/\u003cnull\u003e",
            "project": "elliptical-feat-385302",
            "region": "europe-west6",
            "zone": null
          },
          "sensitive_attributes": []
        }
      ]
    },
    {
      "mode": "managed",
      "type": "google_compute_address",
      "name": "nat",
      "provider": "provider[\"registry.terraform.io/hashicorp/google\"]",
      "instances": [
        {
          "schema_version": 0,
          "attributes": {
            "address": "34.65.182.106",
            "address_type": "EXTERNAL",
            "creation_timestamp": "2023-05-03T01:09:10.663-07:00",
            "description": "",
            "id": "projects/elliptical-feat-385302/regions/europe-west6/addresses/minh-gke-nat",
            "name": "minh-gke-nat",
            "network": "",
            "network_tier": "PREMIUM",
            "prefix_length": 0,
            "project": "elliptical-feat-385302",
            "purpose": "",
            "region": "europe-west6",
            "self_link": "https://www.googleapis.com/compute/v1/projects/elliptical-feat-385302/regions/europe-west6/addresses/minh-gke-nat",
            "subnetwork": "",
            "timeouts": null,
            "users": []
          },
          "sensitive_attributes": [],
          "private": "eyJlMmJmYjczMC1lY2FhLTExZTYtOGY4OC0zNDM2M2JjN2M0YzAiOnsiY3JlYXRlIjoxMjAwMDAwMDAwMDAwLCJkZWxldGUiOjEyMDAwMDAwMDAwMDB9fQ=="
        }
      ]
    },
    {
      "mode": "managed",
      "type": "google_compute_firewall",
      "name": "allow-ssh",
      "provider": "provider[\"registry.terraform.io/hashicorp/google\"]",
      "instances": [
        {
          "schema_version": 1,
          "attributes": {
            "allow": [
              {
                "ports": [
                  "22"
                ],
                "protocol": "tcp"
              }
            ],
            "creation_timestamp": "2023-05-03T01:09:32.114-07:00",
            "deny": [],
            "description": "",
            "destination_ranges": [],
            "direction": "INGRESS",
            "disabled": false,
            "enable_logging": null,
            "id": "projects/elliptical-feat-385302/global/firewalls/allow-ssh",
            "log_config": [],
            "name": "allow-ssh",
            "network": "https://www.googleapis.com/compute/v1/projects/elliptical-feat-385302/global/networks/minh-gke-vpc",
            "priority": 1000,
            "project": "elliptical-feat-385302",
            "self_link": "https://www.googleapis.com/compute/v1/projects/elliptical-feat-385302/global/firewalls/allow-ssh",
            "source_ranges": [
              "0.0.0.0/32"
            ],
            "source_service_accounts": null,
            "source_tags": null,
            "target_service_accounts": null,
            "target_tags": null,
            "timeouts": null
          },
          "sensitive_attributes": [],
          "private": "eyJlMmJmYjczMC1lY2FhLTExZTYtOGY4OC0zNDM2M2JjN2M0YzAiOnsiY3JlYXRlIjoxMjAwMDAwMDAwMDAwLCJkZWxldGUiOjEyMDAwMDAwMDAwMDAsInVwZGF0ZSI6MTIwMDAwMDAwMDAwMH0sInNjaGVtYV92ZXJzaW9uIjoiMSJ9",
          "dependencies": [
            "google_compute_network.main"
          ]
        }
      ]
    },
    {
      "mode": "managed",
      "type": "google_compute_network",
      "name": "main",
      "provider": "provider[\"registry.terraform.io/hashicorp/google\"]",
      "instances": [
        {
          "schema_version": 0,
          "attributes": {
            "auto_create_subnetworks": false,
            "delete_default_routes_on_create": false,
            "description": "",
            "enable_ula_internal_ipv6": false,
            "gateway_ipv4": "",
            "id": "projects/elliptical-feat-385302/global/networks/minh-gke-vpc",
            "internal_ipv6_range": "",
            "mtu": 0,
            "name": "minh-gke-vpc",
            "network_firewall_policy_enforcement_order": "AFTER_CLASSIC_FIREWALL",
            "project": "elliptical-feat-385302",
            "routing_mode": "REGIONAL",
            "self_link": "https://www.googleapis.com/compute/v1/projects/elliptical-feat-385302/global/networks/minh-gke-vpc",
            "timeouts": null
          },
          "sensitive_attributes": [],
          "private": "eyJlMmJmYjczMC1lY2FhLTExZTYtOGY4OC0zNDM2M2JjN2M0YzAiOnsiY3JlYXRlIjoxMjAwMDAwMDAwMDAwLCJkZWxldGUiOjEyMDAwMDAwMDAwMDAsInVwZGF0ZSI6MTIwMDAwMDAwMDAwMH19"
        }
      ]
    },
    {
      "mode": "managed",
      "type": "google_compute_router",
      "name": "router",
      "provider": "provider[\"registry.terraform.io/hashicorp/google\"]",
      "instances": [
        {
          "schema_version": 0,
          "attributes": {
            "bgp": [],
            "creation_timestamp": "2023-05-03T01:09:33.872-07:00",
            "description": "",
            "encrypted_interconnect_router": false,
            "id": "projects/elliptical-feat-385302/regions/europe-west6/routers/minh-gke-router",
            "name": "minh-gke-router",
            "network": "https://www.googleapis.com/compute/v1/projects/elliptical-feat-385302/global/networks/minh-gke-vpc",
            "project": "elliptical-feat-385302",
            "region": "europe-west6",
            "self_link": "https://www.googleapis.com/compute/v1/projects/elliptical-feat-385302/regions/europe-west6/routers/minh-gke-router",
            "timeouts": null
          },
          "sensitive_attributes": [],
          "private": "eyJlMmJmYjczMC1lY2FhLTExZTYtOGY4OC0zNDM2M2JjN2M0YzAiOnsiY3JlYXRlIjoxMjAwMDAwMDAwMDAwLCJkZWxldGUiOjEyMDAwMDAwMDAwMDAsInVwZGF0ZSI6MTIwMDAwMDAwMDAwMH19",
          "dependencies": [
            "google_compute_network.main"
          ]
        }
      ]
    },
    {
      "mode": "managed",
      "type": "google_compute_router_nat",
      "name": "nat",
      "provider": "provider[\"registry.terraform.io/hashicorp/google\"]",
      "instances": [
        {
          "schema_version": 0,
          "attributes": {
            "drain_nat_ips": null,
            "enable_dynamic_port_allocation": false,
            "enable_endpoint_independent_mapping": true,
            "icmp_idle_timeout_sec": 30,
            "id": "elliptical-feat-385302/europe-west6/minh-gke-router/minh-gke-nat",
            "log_config": [],
            "max_ports_per_vm": 0,
            "min_ports_per_vm": 0,
            "name": "minh-gke-nat",
            "nat_ip_allocate_option": "MANUAL_ONLY",
            "nat_ips": [
              "https://www.googleapis.com/compute/v1/projects/elliptical-feat-385302/regions/europe-west6/addresses/minh-gke-nat"
            ],
            "project": "elliptical-feat-385302",
            "region": "europe-west6",
            "router": "minh-gke-router",
            "rules": [],
            "source_subnetwork_ip_ranges_to_nat": "LIST_OF_SUBNETWORKS",
            "subnetwork": [
              {
                "name": "minh-gke-private-subnet",
                "secondary_ip_range_names": [],
                "source_ip_ranges_to_nat": [
                  "ALL_IP_RANGES"
                ]
              }
            ],
            "tcp_established_idle_timeout_sec": 1200,
            "tcp_time_wait_timeout_sec": 120,
            "tcp_transitory_idle_timeout_sec": 30,
            "timeouts": null,
            "udp_idle_timeout_sec": 30
          },
          "sensitive_attributes": [],
          "private": "eyJlMmJmYjczMC1lY2FhLTExZTYtOGY4OC0zNDM2M2JjN2M0YzAiOnsiY3JlYXRlIjoxMjAwMDAwMDAwMDAwLCJkZWxldGUiOjEyMDAwMDAwMDAwMDAsInVwZGF0ZSI6MTIwMDAwMDAwMDAwMH19",
          "dependencies": [
            "google_compute_address.nat",
            "google_compute_network.main",
            "google_compute_router.router",
            "google_compute_subnetwork.private"
          ]
        }
      ]
    },
    {
      "mode": "managed",
      "type": "google_compute_subnetwork",
      "name": "private",
      "provider": "provider[\"registry.terraform.io/hashicorp/google\"]",
      "instances": [
        {
          "schema_version": 0,
          "attributes": {
            "creation_timestamp": "2023-05-03T01:09:34.562-07:00",
            "description": "",
            "external_ipv6_prefix": "",
            "fingerprint": null,
            "gateway_address": "10.0.0.1",
            "id": "projects/elliptical-feat-385302/regions/europe-west6/subnetworks/minh-gke-private-subnet",
            "ip_cidr_range": "10.0.0.0/18",
            "ipv6_access_type": "",
            "ipv6_cidr_range": "",
            "log_config": [],
            "name": "minh-gke-private-subnet",
            "network": "https://www.googleapis.com/compute/v1/projects/elliptical-feat-385302/global/networks/minh-gke-vpc",
            "private_ip_google_access": true,
            "private_ipv6_google_access": "DISABLE_GOOGLE_ACCESS",
            "project": "elliptical-feat-385302",
            "purpose": "PRIVATE",
            "region": "europe-west6",
            "role": "",
            "secondary_ip_range": [
              {
                "ip_cidr_range": "10.48.0.0/16",
                "range_name": "k8s-pod-range"
              },
              {
                "ip_cidr_range": "10.52.0.0/16",
                "range_name": "k8s-service-range"
              }
            ],
            "self_link": "https://www.googleapis.com/compute/v1/projects/elliptical-feat-385302/regions/europe-west6/subnetworks/minh-gke-private-subnet",
            "stack_type": "IPV4_ONLY",
            "timeouts": null
          },
          "sensitive_attributes": [],
          "private": "eyJlMmJmYjczMC1lY2FhLTExZTYtOGY4OC0zNDM2M2JjN2M0YzAiOnsiY3JlYXRlIjoxMjAwMDAwMDAwMDAwLCJkZWxldGUiOjEyMDAwMDAwMDAwMDAsInVwZGF0ZSI6MTIwMDAwMDAwMDAwMH19",
          "dependencies": [
            "google_compute_network.main"
          ]
        }
      ]
    },
    {
      "mode": "managed",
      "type": "google_container_cluster",
      "name": "primary",
      "provider": "provider[\"registry.terraform.io/hashicorp/google\"]",
      "instances": [
        {
          "schema_version": 1,
          "attributes": {
            "addons_config": [
              {
                "cloudrun_config": [],
                "config_connector_config": [],
                "dns_cache_config": [],
                "gce_persistent_disk_csi_driver_config": [
                  {
                    "enabled": true
                  }
                ],
                "gcp_filestore_csi_driver_config": [],
                "gke_backup_agent_config": [],
                "horizontal_pod_autoscaling": [
                  {
                    "disabled": true
                  }
                ],
                "http_load_balancing": [
                  {
                    "disabled": true
                  }
                ],
                "network_policy_config": [
                  {
                    "disabled": true
                  }
                ]
              }
            ],
            "authenticator_groups_config": [],
            "binary_authorization": [
              {
                "enabled": false,
                "evaluation_mode": ""
              }
            ],
            "cluster_autoscaling": [
              {
                "auto_provisioning_defaults": [],
                "enabled": false,
                "resource_limits": []
              }
            ],
            "cluster_ipv4_cidr": "10.48.0.0/16",
            "confidential_nodes": [],
            "cost_management_config": [],
            "database_encryption": [
              {
                "key_name": "",
                "state": "DECRYPTED"
              }
            ],
            "datapath_provider": "",
            "default_max_pods_per_node": 110,
            "default_snat_status": [
              {
                "disabled": false
              }
            ],
            "description": "",
            "dns_config": [],
            "enable_autopilot": false,
            "enable_binary_authorization": false,
            "enable_intranode_visibility": false,
            "enable_kubernetes_alpha": false,
            "enable_l4_ilb_subsetting": false,
            "enable_legacy_abac": false,
            "enable_shielded_nodes": true,
            "enable_tpu": false,
            "endpoint": "34.65.43.173",
            "gateway_api_config": [],
            "id": "projects/elliptical-feat-385302/locations/europe-west6-a/clusters/minh-gke",
            "initial_node_count": 1,
            "ip_allocation_policy": [
              {
                "cluster_ipv4_cidr_block": "10.48.0.0/16",
                "cluster_secondary_range_name": "k8s-pod-range",
                "pod_cidr_overprovision_config": [
                  {
                    "disabled": false
                  }
                ],
                "services_ipv4_cidr_block": "10.52.0.0/16",
                "services_secondary_range_name": "k8s-service-range",
                "stack_type": "IPV4"
              }
            ],
            "label_fingerprint": "a9dc16a7",
            "location": "europe-west6-a",
            "logging_config": [
              {
                "enable_components": [
                  "SYSTEM_COMPONENTS",
                  "WORKLOADS"
                ]
              }
            ],
            "logging_service": "logging.googleapis.com/kubernetes",
            "maintenance_policy": [],
            "master_auth": [
              {
                "client_certificate": "",
                "client_certificate_config": [
                  {
                    "issue_client_certificate": false
                  }
                ],
                "client_key": "",
                "cluster_ca_certificate": "LS0tLS1CRUdJTiBDRVJUSUZJQ0FURS0tLS0tCk1JSUVMRENDQXBTZ0F3SUJBZ0lRUVZHWldRdGY5eTJyaEcwb3Vvb3BWREFOQmdrcWhraUc5dzBCQVFzRkFEQXYKTVMwd0t3WURWUVFERXlRNE5qQmxZamRrTUMwek1EY3hMVFJpTkdRdE9UQTVOQzB6TTJFM1l6aGpaV1U1TnpZdwpJQmNOTWpNd05UQXpNRGN4TURFM1doZ1BNakExTXpBME1qVXdPREV3TVRkYU1DOHhMVEFyQmdOVkJBTVRKRGcyCk1HVmlOMlF3TFRNd056RXROR0kwWkMwNU1EazBMVE16WVRkak9HTmxaVGszTmpDQ0FhSXdEUVlKS29aSWh2Y04KQVFFQkJRQURnZ0dQQURDQ0FZb0NnZ0dCQU1JUFREOXlqbEd5OGpjNHNPZ2ZLd1BwWW5NUEFNVEFRSTJNb1lnNwplRC9mZ2JKTDBIajBSdHA4dFZaSHNscEhWV2hSaThqdmROMDhvT1RHWGhXeGZ6SWFyK212QlVjRHZxdHFzMnJzCllhRG14Nkp6M0M2VnBkZGpHdUU2Y2wzYTM5K1EreTB1bW93cmJaV3VmQjRkbnFNRXJFU2IwMW9NeEpKSHl4NkwKY3BQekNRNUpSYWRJOXd5dlNtZjFYYVluTDBINXJQY0tpaXpCZnIxWjJRUzFydHNXTDhGb1ZNRnNRdFIwT1VPbApkYXhMSitWUTFJN2wwaTIxVUd4akNuZis2THJIbjc0WjlKSDEzQXFNWkxxblFHZWgwQ2p1dmQzTUVkQ1UrMXl5ClRHU2FHakVDeVZPVTRZSkVSZWFST24zYXRIL3NvU2RBV2FkQjd5QWRic3VQdHZuTTlCV205VDVuUkFEUXUySHQKTUpyNUpDdmNNQ25vZHVmN3djSW5oT1BINFZudndGRFVRUW4wNTgwV3JkYnFBdXIzT2ZEZktDRnRSdW5KcXRNMQpnZmFwM0xNakhRR0ZMQW9WNkRqYSs0eWx2UmFQd3dzQVNZL3JYUDAxR1pwMnhuUFEvNVg1ZnBlcEpLSjFQbWdiCitteldmMkNLM1NybGo0WGZxSmo5RFFMWS9RSURBUUFCbzBJd1FEQU9CZ05WSFE4QkFmOEVCQU1DQWdRd0R3WUQKVlIwVEFRSC9CQVV3QXdFQi96QWRCZ05WSFE0RUZnUVV4dFBOZ1laNWwzam1CbjEvT1g4VkU5QmZZNXN3RFFZSgpLb1pJaHZjTkFRRUxCUUFEZ2dHQkFLeWVXQzExM1VsZlJhbWRScTI3dFVNSmZaRTZFdUhoNXZDOXcvaVNrMVh6CmxGWFpQd3R3dnJuUm4zbVhxTVIwTEZmU0tSM2pNeEx6cURxZlVPZDdYY0IyZWJFWm5ET2lYQmdHeVllS3cvdUUKVG4wNnNMUTZBVE03OXoxQXViVlY3S2ViYTNxbzZzYk51ZGNtSUZCdnhjUm1WbmVON3pHdUZuTkVWOFY2QXF3UQp3V095cHNzZm5EcUR1UStiNHF6bVdxRjRrV2pqM0dqeit3S0JSTW9IcWNPNzFuT0w4Qk9pVU01K05ibHpQVVo4CjUrNHZvVml6LzI4cjlDdVlrZjN0NFJIV2h3VVd5MzR1YXVKU0hWN1dUbHQrdzRIdkxxd3daaDlkOWZldjc5d2gKbWlJQVdscytENmtEanhYL3ZsSVlnRzJOM1J0REFZT3psSnN6M0szTUowWE80NjAzbEROZlFMeGdKWDNETWRXeAovajUxRFUvQVR5Nk0wQjl3WEFzTmZlZWFhVldxdWtWUXRGOVkybG1oSkp3MHM1N0ZvdEEyRGFlNm5kY2tCK1BaCmdmK2dZazRCMndjMWlZY2VCZlVyZFEzaFJjdUhRWmlWci9taHdpdWVyYlFVVlpHazJxbS9TWSs3VzdjcnVVMEYKMUJPTCtjMUpJZlQ4QkhDbDQzdXkrUT09Ci0tLS0tRU5EIENFUlRJRklDQVRFLS0tLS0K"
              }
            ],
            "master_authorized_networks_config": [],
            "master_version": "1.25.7-gke.1000",
            "mesh_certificates": [],
            "min_master_version": null,
            "monitoring_config": [
              {
                "enable_components": [
                  "SYSTEM_COMPONENTS"
                ],
                "managed_prometheus": []
              }
            ],
            "monitoring_service": "monitoring.googleapis.com/kubernetes",
            "name": "minh-gke",
            "network": "projects/elliptical-feat-385302/global/networks/minh-gke-vpc",
            "network_policy": [
              {
                "enabled": false,
                "provider": "PROVIDER_UNSPECIFIED"
              }
            ],
            "networking_mode": "VPC_NATIVE",
            "node_config": [],
            "node_locations": [],
            "node_pool": [],
            "node_pool_defaults": [
              {
                "node_config_defaults": [
                  {
                    "logging_variant": "DEFAULT"
                  }
                ]
              }
            ],
            "node_version": "1.25.7-gke.1000",
            "notification_config": [
              {
                "pubsub": [
                  {
                    "enabled": false,
                    "filter": [],
                    "topic": ""
                  }
                ]
              }
            ],
            "operation": null,
            "private_cluster_config": [
              {
                "enable_private_endpoint": false,
                "enable_private_nodes": true,
                "master_global_access_config": [
                  {
                    "enabled": false
                  }
                ],
                "master_ipv4_cidr_block": "172.16.0.0/28",
                "peering_name": "gke-n6438d66db5ef94a5f7a-d471-af3e-peer",
                "private_endpoint": "172.16.0.2",
                "private_endpoint_subnetwork": "",
                "public_endpoint": "34.65.43.173"
              }
            ],
            "private_ipv6_google_access": "",
            "project": "elliptical-feat-385302",
            "release_channel": [
              {
                "channel": "REGULAR"
              }
            ],
            "remove_default_node_pool": true,
            "resource_labels": null,
            "resource_usage_export_config": [],
            "self_link": "https://container.googleapis.com/v1/projects/elliptical-feat-385302/zones/europe-west6-a/clusters/minh-gke",
            "service_external_ips_config": [
              {
                "enabled": false
              }
            ],
            "services_ipv4_cidr": "10.52.0.0/16",
            "subnetwork": "projects/elliptical-feat-385302/regions/europe-west6/subnetworks/minh-gke-private-subnet",
            "timeouts": null,
            "tpu_ipv4_cidr_block": "",
            "vertical_pod_autoscaling": [],
            "workload_identity_config": []
          },
          "sensitive_attributes": [],
          "private": "eyJlMmJmYjczMC1lY2FhLTExZTYtOGY4OC0zNDM2M2JjN2M0YzAiOnsiY3JlYXRlIjoyNDAwMDAwMDAwMDAwLCJkZWxldGUiOjI0MDAwMDAwMDAwMDAsInJlYWQiOjI0MDAwMDAwMDAwMDAsInVwZGF0ZSI6MzYwMDAwMDAwMDAwMH0sInNjaGVtYV92ZXJzaW9uIjoiMSJ9",
          "dependencies": [
            "google_compute_network.main",
            "google_compute_subnetwork.private"
          ]
        }
      ]
    },
    {
      "mode": "managed",
      "type": "google_container_node_pool",
      "name": "general",
      "provider": "provider[\"registry.terraform.io/hashicorp/google\"]",
      "instances": [
        {
          "schema_version": 1,
          "attributes": {
            "autoscaling": [],
            "cluster": "projects/elliptical-feat-385302/locations/europe-west6-a/clusters/minh-gke",
            "id": "projects/elliptical-feat-385302/locations/europe-west6-a/clusters/minh-gke/nodePools/general",
            "initial_node_count": 2,
            "instance_group_urls": [
              "https://www.googleapis.com/compute/v1/projects/elliptical-feat-385302/zones/europe-west6-a/instanceGroupManagers/gke-minh-gke-general-9b621109-grp"
            ],
            "location": "europe-west6-a",
            "managed_instance_group_urls": [
              "https://www.googleapis.com/compute/v1/projects/elliptical-feat-385302/zones/europe-west6-a/instanceGroups/gke-minh-gke-general-9b621109-grp"
            ],
            "management": [
              {
                "auto_repair": true,
                "auto_upgrade": true
              }
            ],
            "max_pods_per_node": 110,
            "name": "general",
            "name_prefix": "",
            "network_config": [
              {
                "create_pod_range": false,
                "enable_private_nodes": false,
                "pod_cidr_overprovision_config": [],
                "pod_ipv4_cidr_block": "10.48.0.0/16",
                "pod_range": "k8s-pod-range"
              }
            ],
            "node_config": [
              {
                "advanced_machine_features": [],
                "boot_disk_kms_key": "",
                "disk_size_gb": 10,
                "disk_type": "pd-balanced",
                "ephemeral_storage_local_ssd_config": [],
                "gcfs_config": [],
                "guest_accelerator": [],
                "gvnic": [],
                "image_type": "COS_CONTAINERD",
                "kubelet_config": [],
                "labels": {
                  "role": "general"
                },
                "linux_node_config": [],
                "local_nvme_ssd_block_config": [],
                "local_ssd_count": 0,
                "logging_variant": "DEFAULT",
                "machine_type": "e2-small",
                "metadata": {
                  "disable-legacy-endpoints": "true"
                },
                "min_cpu_platform": "",
                "node_group": "",
                "oauth_scopes": [
                  "https://www.googleapis.com/auth/cloud-platform",
                  "https://www.googleapis.com/auth/logging.write",
                  "https://www.googleapis.com/auth/monitoring"
                ],
                "preemptible": false,
                "reservation_affinity": [],
                "resource_labels": null,
                "service_account": "kubernetes-admin@elliptical-feat-385302.iam.gserviceaccount.com",
                "shielded_instance_config": [
                  {
                    "enable_integrity_monitoring": true,
                    "enable_secure_boot": false
                  }
                ],
                "spot": false,
                "tags": null,
                "taint": [],
                "workload_metadata_config": []
              }
            ],
            "node_count": 2,
            "node_locations": [
              "europe-west6-a"
            ],
            "operation": null,
            "placement_policy": [],
            "project": "elliptical-feat-385302",
            "timeouts": null,
            "upgrade_settings": [
              {
                "blue_green_settings": [],
                "max_surge": 1,
                "max_unavailable": 0,
                "strategy": "SURGE"
              }
            ],
            "version": "1.25.7-gke.1000"
          },
          "sensitive_attributes": [],
          "private": "eyJlMmJmYjczMC1lY2FhLTExZTYtOGY4OC0zNDM2M2JjN2M0YzAiOnsiY3JlYXRlIjoxODAwMDAwMDAwMDAwLCJkZWxldGUiOjE4MDAwMDAwMDAwMDAsInVwZGF0ZSI6MTgwMDAwMDAwMDAwMH0sInNjaGVtYV92ZXJzaW9uIjoiMSJ9",
          "dependencies": [
            "google_compute_network.main",
            "google_compute_subnetwork.private",
            "google_container_cluster.primary",
            "google_service_account.kubernetes"
          ]
        }
      ]
    },
    {
      "mode": "managed",
      "type": "google_container_node_pool",
      "name": "general2",
      "provider": "provider[\"registry.terraform.io/hashicorp/google\"]",
      "instances": [
        {
          "schema_version": 1,
          "attributes": {
            "autoscaling": [],
            "cluster": "projects/elliptical-feat-385302/locations/europe-west6-a/clusters/minh-gke",
            "id": "projects/elliptical-feat-385302/locations/europe-west6-a/clusters/minh-gke/nodePools/general2",
            "initial_node_count": 2,
            "instance_group_urls": [
              "https://www.googleapis.com/compute/v1/projects/elliptical-feat-385302/zones/europe-west6-a/instanceGroupManagers/gke-minh-gke-general2-ebfb5bcd-grp"
            ],
            "location": "europe-west6-a",
            "managed_instance_group_urls": [
              "https://www.googleapis.com/compute/v1/projects/elliptical-feat-385302/zones/europe-west6-a/instanceGroups/gke-minh-gke-general2-ebfb5bcd-grp"
            ],
            "management": [
              {
                "auto_repair": true,
                "auto_upgrade": true
              }
            ],
            "max_pods_per_node": 110,
            "name": "general2",
            "name_prefix": "",
            "network_config": [
              {
                "create_pod_range": false,
                "enable_private_nodes": false,
                "pod_cidr_overprovision_config": [],
                "pod_ipv4_cidr_block": "10.48.0.0/16",
                "pod_range": "k8s-pod-range"
              }
            ],
            "node_config": [
              {
                "advanced_machine_features": [],
                "boot_disk_kms_key": "",
                "disk_size_gb": 10,
                "disk_type": "pd-balanced",
                "ephemeral_storage_local_ssd_config": [],
                "gcfs_config": [],
                "guest_accelerator": [],
                "gvnic": [],
                "image_type": "COS_CONTAINERD",
                "kubelet_config": [],
                "labels": {
                  "role": "general2"
                },
                "linux_node_config": [],
                "local_nvme_ssd_block_config": [],
                "local_ssd_count": 0,
                "logging_variant": "DEFAULT",
                "machine_type": "e2-small",
                "metadata": {
                  "disable-legacy-endpoints": "true"
                },
                "min_cpu_platform": "",
                "node_group": "",
                "oauth_scopes": [
                  "https://www.googleapis.com/auth/cloud-platform",
                  "https://www.googleapis.com/auth/logging.write",
                  "https://www.googleapis.com/auth/monitoring"
                ],
                "preemptible": false,
                "reservation_affinity": [],
                "resource_labels": null,
                "service_account": "kubernetes-admin@elliptical-feat-385302.iam.gserviceaccount.com",
                "shielded_instance_config": [
                  {
                    "enable_integrity_monitoring": true,
                    "enable_secure_boot": false
                  }
                ],
                "spot": false,
                "tags": null,
                "taint": [],
                "workload_metadata_config": []
              }
            ],
            "node_count": 2,
            "node_locations": [
              "europe-west6-a"
            ],
            "operation": null,
            "placement_policy": [],
            "project": "elliptical-feat-385302",
            "timeouts": null,
            "upgrade_settings": [
              {
                "blue_green_settings": [],
                "max_surge": 1,
                "max_unavailable": 0,
                "strategy": "SURGE"
              }
            ],
            "version": "1.25.7-gke.1000"
          },
          "sensitive_attributes": [],
          "private": "eyJlMmJmYjczMC1lY2FhLTExZTYtOGY4OC0zNDM2M2JjN2M0YzAiOnsiY3JlYXRlIjoxODAwMDAwMDAwMDAwLCJkZWxldGUiOjE4MDAwMDAwMDAwMDAsInVwZGF0ZSI6MTgwMDAwMDAwMDAwMH0sInNjaGVtYV92ZXJzaW9uIjoiMSJ9",
          "dependencies": [
            "google_compute_network.main",
            "google_compute_subnetwork.private",
            "google_container_cluster.primary",
            "google_service_account.kubernetes"
          ]
        }
      ]
    },
    {
      "mode": "managed",
      "type": "google_project_iam_binding",
      "name": "sa_binding_log",
      "provider": "provider[\"registry.terraform.io/hashicorp/google\"]",
      "instances": [
        {
          "schema_version": 0,
          "attributes": {
            "condition": [],
            "etag": "BwX6xZJ+WW4=",
            "id": "elliptical-feat-385302/roles/logging.logWriter",
            "members": [
              "serviceAccount:kubernetes-admin@elliptical-feat-385302.iam.gserviceaccount.com"
            ],
            "project": "elliptical-feat-385302",
            "role": "roles/logging.logWriter"
          },
          "sensitive_attributes": [],
          "private": "bnVsbA==",
          "dependencies": [
            "google_service_account.kubernetes"
          ]
        }
      ]
    },
    {
      "mode": "managed",
      "type": "google_project_iam_binding",
      "name": "sa_binding_monitor",
      "provider": "provider[\"registry.terraform.io/hashicorp/google\"]",
      "instances": [
        {
          "schema_version": 0,
          "attributes": {
            "condition": [],
            "etag": "BwX6xZJ+WW4=",
            "id": "elliptical-feat-385302/roles/monitoring.metricWriter",
            "members": [
              "serviceAccount:kubernetes-admin@elliptical-feat-385302.iam.gserviceaccount.com"
            ],
            "project": "elliptical-feat-385302",
            "role": "roles/monitoring.metricWriter"
          },
          "sensitive_attributes": [],
          "private": "bnVsbA==",
          "dependencies": [
            "google_service_account.kubernetes"
          ]
        }
      ]
    },
    {
      "mode": "managed",
      "type": "google_service_account",
      "name": "kubernetes",
      "provider": "provider[\"registry.terraform.io/hashicorp/google\"]",
      "instances": [
        {
          "schema_version": 0,
          "attributes": {
            "account_id": "kubernetes-admin",
            "description": "",
            "disabled": false,
            "display_name": "kubernetes-admin",
            "email": "kubernetes-admin@elliptical-feat-385302.iam.gserviceaccount.com",
            "id": "projects/elliptical-feat-385302/serviceAccounts/kubernetes-admin@elliptical-feat-385302.iam.gserviceaccount.com",
            "member": "serviceAccount:kubernetes-admin@elliptical-feat-385302.iam.gserviceaccount.com",
            "name": "projects/elliptical-feat-385302/serviceAccounts/kubernetes-admin@elliptical-feat-385302.iam.gserviceaccount.com",
            "project": "elliptical-feat-385302",
            "timeouts": null,
            "unique_id": "105349981606738042142"
          },
          "sensitive_attributes": [],
          "private": "eyJlMmJmYjczMC1lY2FhLTExZTYtOGY4OC0zNDM2M2JjN2M0YzAiOnsiY3JlYXRlIjozMDAwMDAwMDAwMDB9fQ=="
        }
      ]
    },
    {
      "mode": "managed",
      "type": "null_resource",
      "name": "configure_gke_context",
      "provider": "provider[\"registry.terraform.io/hashicorp/null\"]",
      "instances": [
        {
          "schema_version": 0,
          "attributes": {
            "id": "4929315468538502067",
            "triggers": null
          },
          "sensitive_attributes": [],
          "dependencies": [
            "google_compute_network.main",
            "google_compute_subnetwork.private",
            "google_container_cluster.primary"
          ]
        }
      ]
    },
    {
      "module": "module.certmanager.module.cert_manager",
      "mode": "managed",
      "type": "helm_release",
      "name": "cert_manager",
      "provider": "provider[\"registry.terraform.io/hashicorp/helm\"]",
      "instances": [
        {
          "schema_version": 1,
          "attributes": {
            "atomic": false,
            "chart": "cert-manager",
            "cleanup_on_fail": false,
            "create_namespace": false,
            "dependency_update": false,
            "description": null,
            "devel": null,
            "disable_crd_hooks": false,
            "disable_openapi_validation": false,
            "disable_webhooks": false,
            "force_update": false,
            "id": "cert-manager",
            "keyring": null,
            "lint": false,
            "manifest": null,
            "max_history": 0,
            "metadata": [
              {
                "app_version": "v1.11.0",
                "chart": "cert-manager",
                "name": "cert-manager",
                "namespace": "cert-manager",
                "revision": 1,
                "values": "{\"installCRDs\":true}",
                "version": "v1.11.0"
              }
            ],
            "name": "cert-manager",
            "namespace": "cert-manager",
            "pass_credentials": false,
            "postrender": [],
            "recreate_pods": false,
            "render_subchart_notes": true,
            "replace": false,
            "repository": "https://charts.jetstack.io",
            "repository_ca_file": null,
            "repository_cert_file": null,
            "repository_key_file": null,
            "repository_password": null,
            "repository_username": null,
            "reset_values": false,
            "reuse_values": false,
            "set": [
              {
                "name": "installCRDs",
                "type": "",
                "value": "true"
              }
            ],
            "set_sensitive": [],
            "skip_crds": false,
            "status": "deployed",
            "timeout": 300,
            "values": null,
            "verify": false,
            "version": "v1.11.0",
            "wait": true,
            "wait_for_jobs": false
          },
          "sensitive_attributes": [],
          "private": "eyJzY2hlbWFfdmVyc2lvbiI6IjEifQ==",
          "dependencies": [
            "data.google_client_config.current",
            "google_compute_network.main",
            "google_compute_subnetwork.private",
            "google_container_cluster.primary",
            "module.certmanager.module.cert_manager.kubernetes_namespace.cert_manager"
          ]
        }
      ]
    },
    {
      "module": "module.certmanager.module.cert_manager",
      "mode": "managed",
      "type": "kubernetes_namespace",
      "name": "cert_manager",
      "provider": "provider[\"registry.terraform.io/hashicorp/kubernetes\"]",
      "instances": [
        {
          "index_key": 0,
          "schema_version": 0,
          "attributes": {
            "id": "cert-manager",
            "metadata": [
              {
                "annotations": {
                  "name": "cert-manager"
                },
                "generate_name": "",
                "generation": 0,
                "labels": null,
                "name": "cert-manager",
                "resource_version": "3399",
                "uid": "72d09fdf-f8e9-434a-b559-3693a986e708"
              }
            ],
            "timeouts": null
          },
          "sensitive_attributes": [],
          "private": "eyJlMmJmYjczMC1lY2FhLTExZTYtOGY4OC0zNDM2M2JjN2M0YzAiOnsiZGVsZXRlIjozMDAwMDAwMDAwMDB9fQ==",
          "dependencies": [
            "data.google_client_config.current",
            "google_compute_network.main",
            "google_compute_subnetwork.private",
            "google_container_cluster.primary"
          ]
        }
      ]
    },
    {
      "module": "module.certmanager.module.cert_manager",
      "mode": "managed",
      "type": "time_sleep",
      "name": "wait",
      "provider": "provider[\"registry.terraform.io/hashicorp/time\"]",
      "instances": [
        {
          "schema_version": 0,
          "attributes": {
            "create_duration": "60s",
            "destroy_duration": null,
            "id": "2023-05-03T08:23:56Z",
            "triggers": null
          },
          "sensitive_attributes": [],
          "dependencies": [
            "data.google_client_config.current",
            "google_compute_network.main",
            "google_compute_subnetwork.private",
            "google_container_cluster.primary",
            "module.certmanager.module.cert_manager.helm_release.cert_manager",
            "module.certmanager.module.cert_manager.kubernetes_namespace.cert_manager"
          ]
        }
      ]
    },
    {
      "module": "module.ingress-nginx",
      "mode": "data",
      "type": "kubernetes_service",
      "name": "nginx_ingress_controller",
      "provider": "provider[\"registry.terraform.io/hashicorp/kubernetes\"]",
      "instances": [
        {
          "schema_version": 0,
          "attributes": {
            "id": "ingress-nginx/nginx-ingress-ingress-nginx-controller",
            "metadata": [
              {
                "annotations": {
                  "meta.helm.sh/release-name": "nginx-ingress",
                  "meta.helm.sh/release-namespace": "ingress-nginx",
                  "service.beta.kubernetes.io/external-traffic": "OnlyLocal"
                },
                "generation": 0,
                "labels": {
                  "app.kubernetes.io/component": "controller",
                  "app.kubernetes.io/instance": "nginx-ingress",
                  "app.kubernetes.io/managed-by": "Helm",
                  "app.kubernetes.io/name": "ingress-nginx",
                  "app.kubernetes.io/part-of": "ingress-nginx",
                  "app.kubernetes.io/version": "1.7.0",
                  "helm.sh/chart": "ingress-nginx-4.6.0"
                },
                "name": "nginx-ingress-ingress-nginx-controller",
                "namespace": "ingress-nginx",
                "resource_version": "4604",
                "uid": "1833380f-9eb0-4bd8-90fc-5ad087f17e09"
              }
            ],
            "spec": [
              {
                "allocate_load_balancer_node_ports": true,
                "cluster_ip": "10.52.167.24",
                "cluster_ips": [
                  "10.52.167.24"
                ],
                "external_ips": [],
                "external_name": "",
                "external_traffic_policy": "Local",
                "health_check_node_port": 31749,
                "internal_traffic_policy": "Cluster",
                "ip_families": [
                  "IPv4"
                ],
                "ip_family_policy": "SingleStack",
                "load_balancer_class": "",
                "load_balancer_ip": "",
                "load_balancer_source_ranges": [],
                "port": [
                  {
                    "app_protocol": "",
                    "name": "http",
                    "node_port": 31880,
                    "port": 80,
                    "protocol": "TCP",
                    "target_port": "http"
                  },
                  {
                    "app_protocol": "",
                    "name": "https",
                    "node_port": 30081,
                    "port": 443,
                    "protocol": "TCP",
                    "target_port": "https"
                  }
                ],
                "publish_not_ready_addresses": false,
                "selector": {
                  "app.kubernetes.io/component": "controller",
                  "app.kubernetes.io/instance": "nginx-ingress",
                  "app.kubernetes.io/name": "ingress-nginx"
                },
                "session_affinity": "None",
                "session_affinity_config": [],
                "type": "LoadBalancer"
              }
            ],
            "status": [
              {
                "load_balancer": [
                  {
                    "ingress": [
                      {
                        "hostname": "",
                        "ip": "34.65.245.109"
                      }
                    ]
                  }
                ]
              }
            ]
          },
          "sensitive_attributes": []
        }
      ]
    },
    {
      "module": "module.ingress-nginx",
      "mode": "managed",
      "type": "helm_release",
      "name": "nginx_ingress",
      "provider": "provider[\"registry.terraform.io/hashicorp/helm\"]",
      "instances": [
        {
          "schema_version": 1,
          "attributes": {
            "atomic": false,
            "chart": "ingress-nginx",
            "cleanup_on_fail": false,
            "create_namespace": false,
            "dependency_update": false,
            "description": null,
            "devel": null,
            "disable_crd_hooks": false,
            "disable_openapi_validation": false,
            "disable_webhooks": false,
            "force_update": true,
            "id": "nginx-ingress",
            "keyring": null,
            "lint": false,
            "manifest": null,
            "max_history": 0,
            "metadata": [
              {
                "app_version": "1.7.0",
                "chart": "ingress-nginx",
                "name": "nginx-ingress",
                "namespace": "ingress-nginx",
                "revision": 1,
                "values": "{\"controller\":{\"admissionWebhooks\":{\"enabled\":false},\"autoscaling\":{\"enabled\":true,\"maxReplicas\":1,\"minReplicas\":1,\"targetCPUUtilizationPercentage\":75,\"targetMemoryUtilizationPercentage\":75},\"config\":{\"use-forwarded-headers\":\"true\"},\"publishService\":{\"enabled\":\"true\"},\"resources\":{\"limits\":{\"cpu\":\"200m\",\"memory\":\"128Mi\"},\"requests\":{\"cpu\":\"100m\",\"memory\":\"64Mi\"}},\"service\":{\"annotations\":{\"service.beta.kubernetes.io/external-traffic\":\"OnlyLocal\"},\"externalTrafficPolicy\":\"Local\"}},\"defaultBackend\":{\"service\":{\"annotations\":{\"kubernetes.io/ingress.class\":\"nginx\",\"nginx.ingress.kubernetes.io/force-ssl-redirect\":\"true\",\"nginx.ingress.kubernetes.io/from-to-www-redirect\":\"true\",\"nginx.ingress.kubernetes.io/ssl-redirect\":\"true\"}}}}",
                "version": "4.6.0"
              }
            ],
            "name": "nginx-ingress",
            "namespace": "ingress-nginx",
            "pass_credentials": false,
            "postrender": [],
            "recreate_pods": true,
            "render_subchart_notes": true,
            "replace": false,
            "repository": "https://kubernetes.github.io/ingress-nginx",
            "repository_ca_file": null,
            "repository_cert_file": null,
            "repository_key_file": null,
            "repository_password": null,
            "repository_username": null,
            "reset_values": false,
            "reuse_values": true,
            "set": [],
            "set_sensitive": [],
            "skip_crds": false,
            "status": "deployed",
            "timeout": 300,
            "values": [
              "    controller:\n      admissionWebhooks:\n        enabled: false\n      autoscaling:\n        enabled: true\n        minReplicas: 1\n        maxReplicas: 1\n        targetCPUUtilizationPercentage: 75\n        targetMemoryUtilizationPercentage: 75\n      config:\n        use-forwarded-headers: \"true\"\n      publishService:\n        enabled: \"true\"\n      resources:\n        limits:\n          cpu: 200m\n          memory: 128Mi\n        requests:\n          cpu: 100m\n          memory: 64Mi\n      service:\n        # loadBalancerIP: \"\"\n        annotations:\n          service.beta.kubernetes.io/external-traffic: OnlyLocal\n        externalTrafficPolicy: \"Local\"\n    defaultBackend:\n      service:\n        annotations:\n          kubernetes.io/ingress.class: \"nginx\"\n          nginx.ingress.kubernetes.io/force-ssl-redirect: \"true\"\n          nginx.ingress.kubernetes.io/from-to-www-redirect: \"true\"\n          nginx.ingress.kubernetes.io/ssl-redirect: \"true\"\n"
            ],
            "verify": false,
            "version": "4.6.0",
            "wait": true,
            "wait_for_jobs": false
          },
          "sensitive_attributes": [],
          "private": "eyJzY2hlbWFfdmVyc2lvbiI6IjEifQ==",
          "dependencies": [
            "data.google_client_config.current",
            "google_compute_network.main",
            "google_compute_subnetwork.private",
            "google_container_cluster.primary",
            "module.ingress-nginx.kubernetes_namespace.ingress-nginx"
          ]
        }
      ]
    },
    {
      "module": "module.ingress-nginx",
      "mode": "managed",
      "type": "kubernetes_namespace",
      "name": "ingress-nginx",
      "provider": "provider[\"registry.terraform.io/hashicorp/kubernetes\"]",
      "instances": [
        {
          "schema_version": 0,
          "attributes": {
            "id": "ingress-nginx",
            "metadata": [
              {
                "annotations": null,
                "generate_name": "",
                "generation": 0,
                "labels": null,
                "name": "ingress-nginx",
                "resource_version": "3400",
                "uid": "61a76411-86f0-472f-864e-71c0ecc6c03d"
              }
            ],
            "timeouts": null
          },
          "sensitive_attributes": [],
          "private": "eyJlMmJmYjczMC1lY2FhLTExZTYtOGY4OC0zNDM2M2JjN2M0YzAiOnsiZGVsZXRlIjozMDAwMDAwMDAwMDB9fQ==",
          "dependencies": [
            "data.google_client_config.current",
            "google_compute_network.main",
            "google_compute_subnetwork.private",
            "google_container_cluster.primary"
          ]
        }
      ]
    }
  ],
  "check_results": null
}
