{
  "version": 4,
  "terraform_version": "1.3.6",
  "serial": 1213,
  "lineage": "707bcfd0-8528-15ba-62b0-51da4070b168",
  "outputs": {},
  "resources": [
    {
      "module": "module.eks.module.vpc",
      "mode": "managed",
      "type": "aws_vpc",
      "name": "this",
      "provider": "provider[\"registry.terraform.io/hashicorp/aws\"]",
      "instances": [
        {
          "index_key": 0,
          "schema_version": 1,
          "attributes": {
            "arn": "arn:aws:ec2:us-east-1:201118949681:vpc/vpc-0e0cbbf54bff0f62d",
            "assign_generated_ipv6_cidr_block": false,
            "cidr_block": "30.0.1.0/24",
            "default_network_acl_id": "acl-02300e1000e401c80",
            "default_route_table_id": "rtb-02717aa6a5a57dfbe",
            "default_security_group_id": "sg-059b78585ab15c54e",
            "dhcp_options_id": "dopt-088f2d6f07c191780",
            "enable_classiclink": false,
            "enable_classiclink_dns_support": false,
            "enable_dns_hostnames": true,
            "enable_dns_support": true,
            "enable_network_address_usage_metrics": false,
            "id": "vpc-0e0cbbf54bff0f62d",
            "instance_tenancy": "default",
            "ipv4_ipam_pool_id": null,
            "ipv4_netmask_length": null,
            "ipv6_association_id": "",
            "ipv6_cidr_block": "",
            "ipv6_cidr_block_network_border_group": "",
            "ipv6_ipam_pool_id": "",
            "ipv6_netmask_length": 0,
            "main_route_table_id": "rtb-02717aa6a5a57dfbe",
            "owner_id": "201118949681",
            "tags": {
              "Environment": "production",
              "Name": "cloud-computing",
              "Project": "cloud-computing",
              "Terraform": "true"
            },
            "tags_all": {
              "Environment": "production",
              "Name": "cloud-computing",
              "Project": "cloud-computing",
              "Terraform": "true"
            }
          },
          "sensitive_attributes": [],
          "private": "eyJzY2hlbWFfdmVyc2lvbiI6IjEifQ==",
          "create_before_destroy": true
        }
      ]
    }
  ],
  "check_results": null
}
